Microsoft Visual Studio Solution File, Format Version 11.00
# Visual Studio 2008

Project("{50FE4C90-5FB1-7674-F46A-90A3AD6600D1}") = "Vast Space", "Assembly-CSharp.csproj", "{B672652E-135F-3529-407B-F583DB713B17}"
EndProject
Global
	GlobalSection(SolutionConfigurationPlatforms) = preSolution
		Debug|Any CPU = Debug|Any CPU
		Release|Any CPU = Release|Any CPU
	EndGlobalSection
	GlobalSection(ProjectConfigurationPlatforms) = postSolution
		{B672652E-135F-3529-407B-F583DB713B17}.Debug|Any CPU.ActiveCfg = Debug|Any CPU
		{B672652E-135F-3529-407B-F583DB713B17}.Debug|Any CPU.Build.0 = Debug|Any CPU
		{B672652E-135F-3529-407B-F583DB713B17}.Release|Any CPU.ActiveCfg = Release|Any CPU
		{B672652E-135F-3529-407B-F583DB713B17}.Release|Any CPU.Build.0 = Release|Any CPU
	EndGlobalSection
	GlobalSection(SolutionProperties) = preSolution
		HideSolutionNode = FALSE
	EndGlobalSection
	GlobalSection(MonoDevelopProperties) = preSolution
		StartupItem = Assembly-CSharp.csproj
	EndGlobalSection
EndGlobal
